
Microsoft Visual Studio Solution File, Format Version 12.00
# Visual Studio 15
VisualStudioVersion = 15.0.27130.2027
MinimumVisualStudioVersion = 10.0.40219.1
Project("{FAE04EC0-301F-11D3-BF4B-00C04F79EFBC}") = "ChaCha20-csharp", "ChaCha20-csharp.csproj", "{7BE0BA23-3F83-47B6-B56E-858B8D5F5C89}"
EndProject
Global
	GlobalSection(SolutionConfigurationPlatforms) = preSolution
		Debug|Any CPU = Debug|Any CPU
		Release|Any CPU = Release|Any CPU
	EndGlobalSection
	GlobalSection(ProjectConfigurationPlatforms) = postSolution
		{7BE0BA23-3F83-47B6-B56E-858B8D5F5C89}.Debug|Any CPU.ActiveCfg = Debug|Any CPU
		{7BE0BA23-3F83-47B6-B56E-858B8D5F5C89}.Debug|Any CPU.Build.0 = Debug|Any CPU
		{7BE0BA23-3F83-47B6-B56E-858B8D5F5C89}.Release|Any CPU.ActiveCfg = Release|Any CPU
		{7BE0BA23-3F83-47B6-B56E-858B8D5F5C89}.Release|Any CPU.Build.0 = Release|Any CPU
	EndGlobalSection
	GlobalSection(SolutionProperties) = preSolution
		HideSolutionNode = FALSE
	EndGlobalSection
	GlobalSection(ExtensibilityGlobals) = postSolution
		SolutionGuid = {A3B3AFE9-9D8F-489F-9B4E-0AEA50EDFD33}
	EndGlobalSection
EndGlobal
